
Microsoft Visual Studio Solution File, Format Version 12.00
Project("{FAE04EC0-301F-11D3-BF4B-00C04F79EFBC}") = "PS7Api", "src\PS7Api\PS7Api.csproj", "{8DE63A74-B0F0-4DC5-9F89-A56ED01D7E6C}"
EndProject
Project("{FAE04EC0-301F-11D3-BF4B-00C04F79EFBC}") = "UnitTests", "tests\UnitTests\UnitTests.csproj", "{AA530D9A-8F96-4651-87CF-AD6B0951782A}"
EndProject
Project("{FAE04EC0-301F-11D3-BF4B-00C04F79EFBC}") = "EndToEndTests", "src\EndToEndTests\EndToEndTests.csproj", "{12E303B6-90F7-4E9C-837E-F570A37CCC3F}"
EndProject
Global
	GlobalSection(SolutionConfigurationPlatforms) = preSolution
		Debug|Any CPU = Debug|Any CPU
		Release|Any CPU = Release|Any CPU
	EndGlobalSection
	GlobalSection(NestedProjects) = preSolution
	EndGlobalSection
	GlobalSection(ProjectConfigurationPlatforms) = postSolution
		{8DE63A74-B0F0-4DC5-9F89-A56ED01D7E6C}.Debug|Any CPU.ActiveCfg = Debug|Any CPU
		{8DE63A74-B0F0-4DC5-9F89-A56ED01D7E6C}.Debug|Any CPU.Build.0 = Debug|Any CPU
		{8DE63A74-B0F0-4DC5-9F89-A56ED01D7E6C}.Release|Any CPU.ActiveCfg = Release|Any CPU
		{8DE63A74-B0F0-4DC5-9F89-A56ED01D7E6C}.Release|Any CPU.Build.0 = Release|Any CPU
		{AA530D9A-8F96-4651-87CF-AD6B0951782A}.Debug|Any CPU.ActiveCfg = Debug|Any CPU
		{AA530D9A-8F96-4651-87CF-AD6B0951782A}.Debug|Any CPU.Build.0 = Debug|Any CPU
		{AA530D9A-8F96-4651-87CF-AD6B0951782A}.Release|Any CPU.ActiveCfg = Release|Any CPU
		{AA530D9A-8F96-4651-87CF-AD6B0951782A}.Release|Any CPU.Build.0 = Release|Any CPU
		{12E303B6-90F7-4E9C-837E-F570A37CCC3F}.Debug|Any CPU.ActiveCfg = Debug|Any CPU
		{12E303B6-90F7-4E9C-837E-F570A37CCC3F}.Debug|Any CPU.Build.0 = Debug|Any CPU
		{12E303B6-90F7-4E9C-837E-F570A37CCC3F}.Release|Any CPU.ActiveCfg = Release|Any CPU
		{12E303B6-90F7-4E9C-837E-F570A37CCC3F}.Release|Any CPU.Build.0 = Release|Any CPU
	EndGlobalSection
EndGlobal
